{
  "requires": true,
  "lockfileVersion": 1,
  "dependencies": {
    "async": {
      "version": "0.9.2",
      "resolved": "https://artylab.expedia.biz/api/npm/public-npm-virtual/async/-/async-0.9.2.tgz",
      "integrity": "sha1-rqdNXmHB+JlhO/ZL2mbUx48v0X0="
    },
    "clean": {
      "version": "4.0.2",
      "resolved": "https://artylab.expedia.biz/api/npm/public-npm-virtual/clean/-/clean-4.0.2.tgz",
      "integrity": "sha1-yfAW9wonzB8aOfypW1BAR+S28VM=",
      "requires": {
        "async": "^0.9.0",
        "minimist": "^1.1.0",
        "mix2": "^1.0.0",
        "skema": "^1.0.0"
      }
    },
    "core-util-is": {
      "version": "1.0.2",
      "resolved": "https://artylab.expedia.biz/api/npm/public-npm-virtual/core-util-is/-/core-util-is-1.0.2.tgz",
      "integrity": "sha1-tf1UIgqivFq1eqtxQMlAdUUDwac="
    },
    "make-array": {
      "version": "0.1.2",
      "resolved": "https://artylab.expedia.biz/api/npm/public-npm-virtual/make-array/-/make-array-0.1.2.tgz",
      "integrity": "sha1-M14267DFpDFU0hIToeyuriobs+8="
    },
    "minimist": {
      "version": "1.2.5",
      "resolved": "https://artylab.expedia.biz/api/npm/public-npm-virtual/minimist/-/minimist-1.2.5.tgz",
      "integrity": "sha1-Z9ZgFLZqaoqqDAg8X9WN9OTpdgI="
    },
    "mix2": {
      "version": "1.0.5",
      "resolved": "https://artylab.expedia.biz/api/npm/public-npm-virtual/mix2/-/mix2-1.0.5.tgz",
      "integrity": "sha1-YBEQls1+mgWSV6sULeL4g3VH/2U="
    },
    "skema": {
      "version": "1.0.2",
      "resolved": "https://artylab.expedia.biz/api/npm/public-npm-virtual/skema/-/skema-1.0.2.tgz",
      "integrity": "sha1-NxIc/qHK7DEHLZVlhXSMmxGfxFM=",
      "requires": {
        "async": "^0.9.0",
        "make-array": "^0.1.2",
        "mix2": "^1.0.0"
      }
    }
  }
}
